
Microsoft Visual Studio Solution File, Format Version 12.00
# Visual Studio Version 17
VisualStudioVersion = 17.11.35312.102
MinimumVisualStudioVersion = 10.0.40219.1
Project("{FAE04EC0-301F-11D3-BF4B-00C04F79EFBC}") = "LottotryDatabaseBackup", "LottotryDatabaseBackup.csproj", "{D2378B58-15E6-4B0E-B7A5-A04075B04830}"
EndProject
Global
	GlobalSection(SolutionConfigurationPlatforms) = preSolution
		Debug|Any CPU = Debug|Any CPU
		Release|Any CPU = Release|Any CPU
	EndGlobalSection
	GlobalSection(ProjectConfigurationPlatforms) = postSolution
		{D2378B58-15E6-4B0E-B7A5-A04075B04830}.Debug|Any CPU.ActiveCfg = Debug|Any CPU
		{D2378B58-15E6-4B0E-B7A5-A04075B04830}.Debug|Any CPU.Build.0 = Debug|Any CPU
		{D2378B58-15E6-4B0E-B7A5-A04075B04830}.Release|Any CPU.ActiveCfg = Release|Any CPU
		{D2378B58-15E6-4B0E-B7A5-A04075B04830}.Release|Any CPU.Build.0 = Release|Any CPU
	EndGlobalSection
	GlobalSection(SolutionProperties) = preSolution
		HideSolutionNode = FALSE
	EndGlobalSection
	GlobalSection(ExtensibilityGlobals) = postSolution
		SolutionGuid = {CCC9BC8E-231D-4DAE-A1D2-9C709EA3DBA0}
	EndGlobalSection
EndGlobal
